// !$*UTF8*$!
{
	archiveVersion = 1;
	classes = {
	};
	objectVersion = 56;
	objects = {

/* Begin PBXBuildFile section */
		F37301992AC8C840008E4B7E /* UINavigationControllerTest.swift in Sources */ = {isa = PBXBuildFile; fileRef = F37301982AC8C840008E4B7E /* UINavigationControllerTest.swift */; };
		F373019B2AC8D01B008E4B7E /* UIScrollViewTest.swift in Sources */ = {isa = PBXBuildFile; fileRef = F373019A2AC8D01B008E4B7E /* UIScrollViewTest.swift */; };
		F374A83F2AC82DA100BBD9CF /* UIViewTest.swift in Sources */ = {isa = PBXBuildFile; fileRef = F374A83E2AC82DA100BBD9CF /* UIViewTest.swift */; };
		F374A8412AC82DCC00BBD9CF /* UILabelTest.swift in Sources */ = {isa = PBXBuildFile; fileRef = F374A8402AC82DCC00BBD9CF /* UILabelTest.swift */; };
		F374A8442AC8336F00BBD9CF /* Extension+UIViewController.swift in Sources */ = {isa = PBXBuildFile; fileRef = F374A8432AC8336F00BBD9CF /* Extension+UIViewController.swift */; };
		F374A8462AC8355C00BBD9CF /* UIButtonTest.swift in Sources */ = {isa = PBXBuildFile; fileRef = F374A8452AC8355C00BBD9CF /* UIButtonTest.swift */; };
		F374A8482AC835DB00BBD9CF /* UITextFieldTest.swift in Sources */ = {isa = PBXBuildFile; fileRef = F374A8472AC835DB00BBD9CF /* UITextFieldTest.swift */; };
		F374A84A2AC8368400BBD9CF /* UITextViewTest.swift in Sources */ = {isa = PBXBuildFile; fileRef = F374A8492AC8368400BBD9CF /* UITextViewTest.swift */; };
		F374A84C2AC8379F00BBD9CF /* UIImageViewTest.swift in Sources */ = {isa = PBXBuildFile; fileRef = F374A84B2AC8379F00BBD9CF /* UIImageViewTest.swift */; };
		F374A84E2AC837F100BBD9CF /* UITableViewTest.swift in Sources */ = {isa = PBXBuildFile; fileRef = F374A84D2AC837F100BBD9CF /* UITableViewTest.swift */; };
		F374A8502AC8387A00BBD9CF /* UICollectionViewTest.swift in Sources */ = {isa = PBXBuildFile; fileRef = F374A84F2AC8387A00BBD9CF /* UICollectionViewTest.swift */; };
		F374A8522AC864A800BBD9CF /* UISegmentedControlTest.swift in Sources */ = {isa = PBXBuildFile; fileRef = F374A8512AC864A800BBD9CF /* UISegmentedControlTest.swift */; };
		F374A8542AC86DA700BBD9CF /* UISliderTest.swift in Sources */ = {isa = PBXBuildFile; fileRef = F374A8532AC86DA700BBD9CF /* UISliderTest.swift */; };
		F39821272AC8B84600A82F39 /* CustomTabBarControllerTest.swift in Sources */ = {isa = PBXBuildFile; fileRef = F39821262AC8B84600A82F39 /* CustomTabBarControllerTest.swift */; };
		F39821292AC8BC2000A82F39 /* UIStackViewTest.swift in Sources */ = {isa = PBXBuildFile; fileRef = F39821282AC8BC2000A82F39 /* UIStackViewTest.swift */; };
		F3E850DA2AC74D6500606D22 /* AppDelegate.swift in Sources */ = {isa = PBXBuildFile; fileRef = F3E850D92AC74D6500606D22 /* AppDelegate.swift */; };
		F3E850DC2AC74D6500606D22 /* SceneDelegate.swift in Sources */ = {isa = PBXBuildFile; fileRef = F3E850DB2AC74D6500606D22 /* SceneDelegate.swift */; };
		F3E850DE2AC74D6500606D22 /* ViewController.swift in Sources */ = {isa = PBXBuildFile; fileRef = F3E850DD2AC74D6500606D22 /* ViewController.swift */; };
		F3E850E32AC74D6700606D22 /* Assets.xcassets in Resources */ = {isa = PBXBuildFile; fileRef = F3E850E22AC74D6700606D22 /* Assets.xcassets */; };
		F3E850E62AC74D6700606D22 /* LaunchScreen.storyboard in Resources */ = {isa = PBXBuildFile; fileRef = F3E850E42AC74D6700606D22 /* LaunchScreen.storyboard */; };
		F3E850F12AC74D6700606D22 /* UIKit_StudyTests.swift in Sources */ = {isa = PBXBuildFile; fileRef = F3E850F02AC74D6700606D22 /* UIKit_StudyTests.swift */; };
		F3E850FB2AC74D6700606D22 /* UIKit_StudyUITests.swift in Sources */ = {isa = PBXBuildFile; fileRef = F3E850FA2AC74D6700606D22 /* UIKit_StudyUITests.swift */; };
		F3E850FD2AC74D6700606D22 /* UIKit_StudyUITestsLaunchTests.swift in Sources */ = {isa = PBXBuildFile; fileRef = F3E850FC2AC74D6700606D22 /* UIKit_StudyUITestsLaunchTests.swift */; };
		F3E8510A2AC7647700606D22 /* TestViewController.swift in Sources */ = {isa = PBXBuildFile; fileRef = F3E851092AC7647700606D22 /* TestViewController.swift */; };
/* End PBXBuildFile section */

/* Begin PBXContainerItemProxy section */
		F3E850ED2AC74D6700606D22 /* PBXContainerItemProxy */ = {
			isa = PBXContainerItemProxy;
			containerPortal = F3E850CE2AC74D6500606D22 /* Project object */;
			proxyType = 1;
			remoteGlobalIDString = F3E850D52AC74D6500606D22;
			remoteInfo = "UIKit-Study";
		};
		F3E850F72AC74D6700606D22 /* PBXContainerItemProxy */ = {
			isa = PBXContainerItemProxy;
			containerPortal = F3E850CE2AC74D6500606D22 /* Project object */;
			proxyType = 1;
			remoteGlobalIDString = F3E850D52AC74D6500606D22;
			remoteInfo = "UIKit-Study";
		};
/* End PBXContainerItemProxy section */

/* Begin PBXFileReference section */
		F37301982AC8C840008E4B7E /* UINavigationControllerTest.swift */ = {isa = PBXFileReference; lastKnownFileType = sourcecode.swift; path = UINavigationControllerTest.swift; sourceTree = "<group>"; };
		F373019A2AC8D01B008E4B7E /* UIScrollViewTest.swift */ = {isa = PBXFileReference; lastKnownFileType = sourcecode.swift; path = UIScrollViewTest.swift; sourceTree = "<group>"; };
		F374A83E2AC82DA100BBD9CF /* UIViewTest.swift */ = {isa = PBXFileReference; lastKnownFileType = sourcecode.swift; path = UIViewTest.swift; sourceTree = "<group>"; };
		F374A8402AC82DCC00BBD9CF /* UILabelTest.swift */ = {isa = PBXFileReference; lastKnownFileType = sourcecode.swift; path = UILabelTest.swift; sourceTree = "<group>"; };
		F374A8432AC8336F00BBD9CF /* Extension+UIViewController.swift */ = {isa = PBXFileReference; lastKnownFileType = sourcecode.swift; path = "Extension+UIViewController.swift"; sourceTree = "<group>"; };
		F374A8452AC8355C00BBD9CF /* UIButtonTest.swift */ = {isa = PBXFileReference; lastKnownFileType = sourcecode.swift; path = UIButtonTest.swift; sourceTree = "<group>"; };
		F374A8472AC835DB00BBD9CF /* UITextFieldTest.swift */ = {isa = PBXFileReference; lastKnownFileType = sourcecode.swift; path = UITextFieldTest.swift; sourceTree = "<group>"; };
		F374A8492AC8368400BBD9CF /* UITextViewTest.swift */ = {isa = PBXFileReference; lastKnownFileType = sourcecode.swift; path = UITextViewTest.swift; sourceTree = "<group>"; };
		F374A84B2AC8379F00BBD9CF /* UIImageViewTest.swift */ = {isa = PBXFileReference; lastKnownFileType = sourcecode.swift; path = UIImageViewTest.swift; sourceTree = "<group>"; };
		F374A84D2AC837F100BBD9CF /* UITableViewTest.swift */ = {isa = PBXFileReference; lastKnownFileType = sourcecode.swift; path = UITableViewTest.swift; sourceTree = "<group>"; };
		F374A84F2AC8387A00BBD9CF /* UICollectionViewTest.swift */ = {isa = PBXFileReference; lastKnownFileType = sourcecode.swift; path = UICollectionViewTest.swift; sourceTree = "<group>"; };
		F374A8512AC864A800BBD9CF /* UISegmentedControlTest.swift */ = {isa = PBXFileReference; lastKnownFileType = sourcecode.swift; path = UISegmentedControlTest.swift; sourceTree = "<group>"; };
		F374A8532AC86DA700BBD9CF /* UISliderTest.swift */ = {isa = PBXFileReference; lastKnownFileType = sourcecode.swift; path = UISliderTest.swift; sourceTree = "<group>"; };
		F39821262AC8B84600A82F39 /* CustomTabBarControllerTest.swift */ = {isa = PBXFileReference; lastKnownFileType = sourcecode.swift; path = CustomTabBarControllerTest.swift; sourceTree = "<group>"; };
		F39821282AC8BC2000A82F39 /* UIStackViewTest.swift */ = {isa = PBXFileReference; lastKnownFileType = sourcecode.swift; path = UIStackViewTest.swift; sourceTree = "<group>"; };
		F3E850D62AC74D6500606D22 /* UIKit-Study.app */ = {isa = PBXFileReference; explicitFileType = wrapper.application; includeInIndex = 0; path = "UIKit-Study.app"; sourceTree = BUILT_PRODUCTS_DIR; };
		F3E850D92AC74D6500606D22 /* AppDelegate.swift */ = {isa = PBXFileReference; lastKnownFileType = sourcecode.swift; path = AppDelegate.swift; sourceTree = "<group>"; };
		F3E850DB2AC74D6500606D22 /* SceneDelegate.swift */ = {isa = PBXFileReference; lastKnownFileType = sourcecode.swift; path = SceneDelegate.swift; sourceTree = "<group>"; };
		F3E850DD2AC74D6500606D22 /* ViewController.swift */ = {isa = PBXFileReference; lastKnownFileType = sourcecode.swift; path = ViewController.swift; sourceTree = "<group>"; };
		F3E850E22AC74D6700606D22 /* Assets.xcassets */ = {isa = PBXFileReference; lastKnownFileType = folder.assetcatalog; path = Assets.xcassets; sourceTree = "<group>"; };
		F3E850E52AC74D6700606D22 /* Base */ = {isa = PBXFileReference; lastKnownFileType = file.storyboard; name = Base; path = Base.lproj/LaunchScreen.storyboard; sourceTree = "<group>"; };
		F3E850E72AC74D6700606D22 /* Info.plist */ = {isa = PBXFileReference; lastKnownFileType = text.plist.xml; path = Info.plist; sourceTree = "<group>"; };
		F3E850EC2AC74D6700606D22 /* UIKit-StudyTests.xctest */ = {isa = PBXFileReference; explicitFileType = wrapper.cfbundle; includeInIndex = 0; path = "UIKit-StudyTests.xctest"; sourceTree = BUILT_PRODUCTS_DIR; };
		F3E850F02AC74D6700606D22 /* UIKit_StudyTests.swift */ = {isa = PBXFileReference; lastKnownFileType = sourcecode.swift; path = UIKit_StudyTests.swift; sourceTree = "<group>"; };
		F3E850F62AC74D6700606D22 /* UIKit-StudyUITests.xctest */ = {isa = PBXFileReference; explicitFileType = wrapper.cfbundle; includeInIndex = 0; path = "UIKit-StudyUITests.xctest"; sourceTree = BUILT_PRODUCTS_DIR; };
		F3E850FA2AC74D6700606D22 /* UIKit_StudyUITests.swift */ = {isa = PBXFileReference; lastKnownFileType = sourcecode.swift; path = UIKit_StudyUITests.swift; sourceTree = "<group>"; };
		F3E850FC2AC74D6700606D22 /* UIKit_StudyUITestsLaunchTests.swift */ = {isa = PBXFileReference; lastKnownFileType = sourcecode.swift; path = UIKit_StudyUITestsLaunchTests.swift; sourceTree = "<group>"; };
		F3E851092AC7647700606D22 /* TestViewController.swift */ = {isa = PBXFileReference; lastKnownFileType = sourcecode.swift; path = TestViewController.swift; sourceTree = "<group>"; };
/* End PBXFileReference section */

/* Begin PBXFrameworksBuildPhase section */
		F3E850D32AC74D6500606D22 /* Frameworks */ = {
			isa = PBXFrameworksBuildPhase;
			buildActionMask = 2147483647;
			files = (
			);
			runOnlyForDeploymentPostprocessing = 0;
		};
		F3E850E92AC74D6700606D22 /* Frameworks */ = {
			isa = PBXFrameworksBuildPhase;
			buildActionMask = 2147483647;
			files = (
			);
			runOnlyForDeploymentPostprocessing = 0;
		};
		F3E850F32AC74D6700606D22 /* Frameworks */ = {
			isa = PBXFrameworksBuildPhase;
			buildActionMask = 2147483647;
			files = (
			);
			runOnlyForDeploymentPostprocessing = 0;
		};
/* End PBXFrameworksBuildPhase section */

/* Begin PBXGroup section */
		F374A83B2AC82CC700BBD9CF /* Week2 */ = {
			isa = PBXGroup;
			children = (
				F3E850DD2AC74D6500606D22 /* ViewController.swift */,
				F374A83E2AC82DA100BBD9CF /* UIViewTest.swift */,
				F374A8402AC82DCC00BBD9CF /* UILabelTest.swift */,
				F374A8452AC8355C00BBD9CF /* UIButtonTest.swift */,
				F374A8472AC835DB00BBD9CF /* UITextFieldTest.swift */,
				F374A8492AC8368400BBD9CF /* UITextViewTest.swift */,
				F374A84B2AC8379F00BBD9CF /* UIImageViewTest.swift */,
				F374A84D2AC837F100BBD9CF /* UITableViewTest.swift */,
				F374A84F2AC8387A00BBD9CF /* UICollectionViewTest.swift */,
				F374A8512AC864A800BBD9CF /* UISegmentedControlTest.swift */,
				F374A8532AC86DA700BBD9CF /* UISliderTest.swift */,
				F39821262AC8B84600A82F39 /* CustomTabBarControllerTest.swift */,
				F39821282AC8BC2000A82F39 /* UIStackViewTest.swift */,
				F37301982AC8C840008E4B7E /* UINavigationControllerTest.swift */,
				F373019A2AC8D01B008E4B7E /* UIScrollViewTest.swift */,
			);
			path = Week2;
			sourceTree = "<group>";
		};
		F374A8422AC8334F00BBD9CF /* Extension */ = {
			isa = PBXGroup;
			children = (
				F374A8432AC8336F00BBD9CF /* Extension+UIViewController.swift */,
			);
			path = Extension;
			sourceTree = "<group>";
		};
		F3E850CD2AC74D6500606D22 = {
			isa = PBXGroup;
			children = (
				F3E850D82AC74D6500606D22 /* UIKit-Study */,
				F3E850EF2AC74D6700606D22 /* UIKit-StudyTests */,
				F3E850F92AC74D6700606D22 /* UIKit-StudyUITests */,
				F3E850D72AC74D6500606D22 /* Products */,
			);
			sourceTree = "<group>";
		};
		F3E850D72AC74D6500606D22 /* Products */ = {
			isa = PBXGroup;
			children = (
				F3E850D62AC74D6500606D22 /* UIKit-Study.app */,
				F3E850EC2AC74D6700606D22 /* UIKit-StudyTests.xctest */,
				F3E850F62AC74D6700606D22 /* UIKit-StudyUITests.xctest */,
			);
			name = Products;
			sourceTree = "<group>";
		};
		F3E850D82AC74D6500606D22 /* UIKit-Study */ = {
			isa = PBXGroup;
			children = (
				F374A8422AC8334F00BBD9CF /* Extension */,
				F374A83B2AC82CC700BBD9CF /* Week2 */,
				F3E850D92AC74D6500606D22 /* AppDelegate.swift */,
				F3E850DB2AC74D6500606D22 /* SceneDelegate.swift */,
				F3E850E22AC74D6700606D22 /* Assets.xcassets */,
				F3E850E42AC74D6700606D22 /* LaunchScreen.storyboard */,
				F3E850E72AC74D6700606D22 /* Info.plist */,
				F3E851092AC7647700606D22 /* TestViewController.swift */,
			);
			path = "UIKit-Study";
			sourceTree = "<group>";
		};
		F3E850EF2AC74D6700606D22 /* UIKit-StudyTests */ = {
			isa = PBXGroup;
			children = (
				F3E850F02AC74D6700606D22 /* UIKit_StudyTests.swift */,
			);
			path = "UIKit-StudyTests";
			sourceTree = "<group>";
		};
		F3E850F92AC74D6700606D22 /* UIKit-StudyUITests */ = {
			isa = PBXGroup;
			children = (
				F3E850FA2AC74D6700606D22 /* UIKit_StudyUITests.swift */,
				F3E850FC2AC74D6700606D22 /* UIKit_StudyUITestsLaunchTests.swift */,
			);
			path = "UIKit-StudyUITests";
			sourceTree = "<group>";
		};
/* End PBXGroup section */

/* Begin PBXNativeTarget section */
		F3E850D52AC74D6500606D22 /* UIKit-Study */ = {
			isa = PBXNativeTarget;
			buildConfigurationList = F3E851002AC74D6700606D22 /* Build configuration list for PBXNativeTarget "UIKit-Study" */;
			buildPhases = (
				F3E850D22AC74D6500606D22 /* Sources */,
				F3E850D32AC74D6500606D22 /* Frameworks */,
				F3E850D42AC74D6500606D22 /* Resources */,
			);
			buildRules = (
			);
			dependencies = (
			);
			name = "UIKit-Study";
			productName = "UIKit-Study";
			productReference = F3E850D62AC74D6500606D22 /* UIKit-Study.app */;
			productType = "com.apple.product-type.application";
		};
		F3E850EB2AC74D6700606D22 /* UIKit-StudyTests */ = {
			isa = PBXNativeTarget;
			buildConfigurationList = F3E851032AC74D6700606D22 /* Build configuration list for PBXNativeTarget "UIKit-StudyTests" */;
			buildPhases = (
				F3E850E82AC74D6700606D22 /* Sources */,
				F3E850E92AC74D6700606D22 /* Frameworks */,
				F3E850EA2AC74D6700606D22 /* Resources */,
			);
			buildRules = (
			);
			dependencies = (
				F3E850EE2AC74D6700606D22 /* PBXTargetDependency */,
			);
			name = "UIKit-StudyTests";
			productName = "UIKit-StudyTests";
			productReference = F3E850EC2AC74D6700606D22 /* UIKit-StudyTests.xctest */;
			productType = "com.apple.product-type.bundle.unit-test";
		};
		F3E850F52AC74D6700606D22 /* UIKit-StudyUITests */ = {
			isa = PBXNativeTarget;
			buildConfigurationList = F3E851062AC74D6700606D22 /* Build configuration list for PBXNativeTarget "UIKit-StudyUITests" */;
			buildPhases = (
				F3E850F22AC74D6700606D22 /* Sources */,
				F3E850F32AC74D6700606D22 /* Frameworks */,
				F3E850F42AC74D6700606D22 /* Resources */,
			);
			buildRules = (
			);
			dependencies = (
				F3E850F82AC74D6700606D22 /* PBXTargetDependency */,
			);
			name = "UIKit-StudyUITests";
			productName = "UIKit-StudyUITests";
			productReference = F3E850F62AC74D6700606D22 /* UIKit-StudyUITests.xctest */;
			productType = "com.apple.product-type.bundle.ui-testing";
		};
/* End PBXNativeTarget section */

/* Begin PBXProject section */
		F3E850CE2AC74D6500606D22 /* Project object */ = {
			isa = PBXProject;
			attributes = {
				BuildIndependentTargetsInParallel = 1;
				LastSwiftUpdateCheck = 1430;
				LastUpgradeCheck = 1430;
				TargetAttributes = {
					F3E850D52AC74D6500606D22 = {
						CreatedOnToolsVersion = 14.3.1;
					};
					F3E850EB2AC74D6700606D22 = {
						CreatedOnToolsVersion = 14.3.1;
						TestTargetID = F3E850D52AC74D6500606D22;
					};
					F3E850F52AC74D6700606D22 = {
						CreatedOnToolsVersion = 14.3.1;
						TestTargetID = F3E850D52AC74D6500606D22;
					};
				};
			};
			buildConfigurationList = F3E850D12AC74D6500606D22 /* Build configuration list for PBXProject "UIKit-Study" */;
			compatibilityVersion = "Xcode 14.0";
			developmentRegion = en;
			hasScannedForEncodings = 0;
			knownRegions = (
				en,
				Base,
			);
			mainGroup = F3E850CD2AC74D6500606D22;
			productRefGroup = F3E850D72AC74D6500606D22 /* Products */;
			projectDirPath = "";
			projectRoot = "";
			targets = (
				F3E850D52AC74D6500606D22 /* UIKit-Study */,
				F3E850EB2AC74D6700606D22 /* UIKit-StudyTests */,
				F3E850F52AC74D6700606D22 /* UIKit-StudyUITests */,
			);
		};
/* End PBXProject section */

/* Begin PBXResourcesBuildPhase section */
		F3E850D42AC74D6500606D22 /* Resources */ = {
			isa = PBXResourcesBuildPhase;
			buildActionMask = 2147483647;
			files = (
				F3E850E62AC74D6700606D22 /* LaunchScreen.storyboard in Resources */,
				F3E850E32AC74D6700606D22 /* Assets.xcassets in Resources */,
			);
			runOnlyForDeploymentPostprocessing = 0;
		};
		F3E850EA2AC74D6700606D22 /* Resources */ = {
			isa = PBXResourcesBuildPhase;
			buildActionMask = 2147483647;
			files = (
			);
			runOnlyForDeploymentPostprocessing = 0;
		};
		F3E850F42AC74D6700606D22 /* Resources */ = {
			isa = PBXResourcesBuildPhase;
			buildActionMask = 2147483647;
			files = (
			);
			runOnlyForDeploymentPostprocessing = 0;
		};
/* End PBXResourcesBuildPhase section */

/* Begin PBXSourcesBuildPhase section */
		F3E850D22AC74D6500606D22 /* Sources */ = {
			isa = PBXSourcesBuildPhase;
			buildActionMask = 2147483647;
			files = (
				F3E850DE2AC74D6500606D22 /* ViewController.swift in Sources */,
				F374A84E2AC837F100BBD9CF /* UITableViewTest.swift in Sources */,
				F374A8442AC8336F00BBD9CF /* Extension+UIViewController.swift in Sources */,
				F3E850DA2AC74D6500606D22 /* AppDelegate.swift in Sources */,
				F374A8412AC82DCC00BBD9CF /* UILabelTest.swift in Sources */,
				F374A8482AC835DB00BBD9CF /* UITextFieldTest.swift in Sources */,
				F373019B2AC8D01B008E4B7E /* UIScrollViewTest.swift in Sources */,
				F374A8522AC864A800BBD9CF /* UISegmentedControlTest.swift in Sources */,
				F374A8502AC8387A00BBD9CF /* UICollectionViewTest.swift in Sources */,
				F374A83F2AC82DA100BBD9CF /* UIViewTest.swift in Sources */,
				F3E8510A2AC7647700606D22 /* TestViewController.swift in Sources */,
				F374A84A2AC8368400BBD9CF /* UITextViewTest.swift in Sources */,
				F39821292AC8BC2000A82F39 /* UIStackViewTest.swift in Sources */,
				F374A8542AC86DA700BBD9CF /* UISliderTest.swift in Sources */,
				F39821272AC8B84600A82F39 /* CustomTabBarControllerTest.swift in Sources */,
				F3E850DC2AC74D6500606D22 /* SceneDelegate.swift in Sources */,
				F37301992AC8C840008E4B7E /* UINavigationControllerTest.swift in Sources */,
				F374A84C2AC8379F00BBD9CF /* UIImageViewTest.swift in Sources */,
				F374A8462AC8355C00BBD9CF /* UIButtonTest.swift in Sources */,
			);
			runOnlyForDeploymentPostprocessing = 0;
		};
		F3E850E82AC74D6700606D22 /* Sources */ = {
			isa = PBXSourcesBuildPhase;
			buildActionMask = 2147483647;
			files = (
				F3E850F12AC74D6700606D22 /* UIKit_StudyTests.swift in Sources */,
			);
			runOnlyForDeploymentPostprocessing = 0;
		};
		F3E850F22AC74D6700606D22 /* Sources */ = {
			isa = PBXSourcesBuildPhase;
			buildActionMask = 2147483647;
			files = (
				F3E850FB2AC74D6700606D22 /* UIKit_StudyUITests.swift in Sources */,
				F3E850FD2AC74D6700606D22 /* UIKit_StudyUITestsLaunchTests.swift in Sources */,
			);
			runOnlyForDeploymentPostprocessing = 0;
		};
/* End PBXSourcesBuildPhase section */

/* Begin PBXTargetDependency section */
		F3E850EE2AC74D6700606D22 /* PBXTargetDependency */ = {
			isa = PBXTargetDependency;
			target = F3E850D52AC74D6500606D22 /* UIKit-Study */;
			targetProxy = F3E850ED2AC74D6700606D22 /* PBXContainerItemProxy */;
		};
		F3E850F82AC74D6700606D22 /* PBXTargetDependency */ = {
			isa = PBXTargetDependency;
			target = F3E850D52AC74D6500606D22 /* UIKit-Study */;
			targetProxy = F3E850F72AC74D6700606D22 /* PBXContainerItemProxy */;
		};
/* End PBXTargetDependency section */

/* Begin PBXVariantGroup section */
		F3E850E42AC74D6700606D22 /* LaunchScreen.storyboard */ = {
			isa = PBXVariantGroup;
			children = (
				F3E850E52AC74D6700606D22 /* Base */,
			);
			name = LaunchScreen.storyboard;
			sourceTree = "<group>";
		};
/* End PBXVariantGroup section */

/* Begin XCBuildConfiguration section */
		F3E850FE2AC74D6700606D22 /* Debug */ = {
			isa = XCBuildConfiguration;
			buildSettings = {
				ALWAYS_SEARCH_USER_PATHS = NO;
				CLANG_ANALYZER_NONNULL = YES;
				CLANG_ANALYZER_NUMBER_OBJECT_CONVERSION = YES_AGGRESSIVE;
				CLANG_CXX_LANGUAGE_STANDARD = "gnu++20";
				CLANG_ENABLE_MODULES = YES;
				CLANG_ENABLE_OBJC_ARC = YES;
				CLANG_ENABLE_OBJC_WEAK = YES;
				CLANG_WARN_BLOCK_CAPTURE_AUTORELEASING = YES;
				CLANG_WARN_BOOL_CONVERSION = YES;
				CLANG_WARN_COMMA = YES;
				CLANG_WARN_CONSTANT_CONVERSION = YES;
				CLANG_WARN_DEPRECATED_OBJC_IMPLEMENTATIONS = YES;
				CLANG_WARN_DIRECT_OBJC_ISA_USAGE = YES_ERROR;
				CLANG_WARN_DOCUMENTATION_COMMENTS = YES;
				CLANG_WARN_EMPTY_BODY = YES;
				CLANG_WARN_ENUM_CONVERSION = YES;
				CLANG_WARN_INFINITE_RECURSION = YES;
				CLANG_WARN_INT_CONVERSION = YES;
				CLANG_WARN_NON_LITERAL_NULL_CONVERSION = YES;
				CLANG_WARN_OBJC_IMPLICIT_RETAIN_SELF = YES;
				CLANG_WARN_OBJC_LITERAL_CONVERSION = YES;
				CLANG_WARN_OBJC_ROOT_CLASS = YES_ERROR;
				CLANG_WARN_QUOTED_INCLUDE_IN_FRAMEWORK_HEADER = YES;
				CLANG_WARN_RANGE_LOOP_ANALYSIS = YES;
				CLANG_WARN_STRICT_PROTOTYPES = YES;
				CLANG_WARN_SUSPICIOUS_MOVE = YES;
				CLANG_WARN_UNGUARDED_AVAILABILITY = YES_AGGRESSIVE;
				CLANG_WARN_UNREACHABLE_CODE = YES;
				CLANG_WARN__DUPLICATE_METHOD_MATCH = YES;
				COPY_PHASE_STRIP = NO;
				DEBUG_INFORMATION_FORMAT = dwarf;
				ENABLE_STRICT_OBJC_MSGSEND = YES;
				ENABLE_TESTABILITY = YES;
				GCC_C_LANGUAGE_STANDARD = gnu11;
				GCC_DYNAMIC_NO_PIC = NO;
				GCC_NO_COMMON_BLOCKS = YES;
				GCC_OPTIMIZATION_LEVEL = 0;
				GCC_PREPROCESSOR_DEFINITIONS = (
					"DEBUG=1",
					"$(inherited)",
				);
				GCC_WARN_64_TO_32_BIT_CONVERSION = YES;
				GCC_WARN_ABOUT_RETURN_TYPE = YES_ERROR;
				GCC_WARN_UNDECLARED_SELECTOR = YES;
				GCC_WARN_UNINITIALIZED_AUTOS = YES_AGGRESSIVE;
				GCC_WARN_UNUSED_FUNCTION = YES;
				GCC_WARN_UNUSED_VARIABLE = YES;
				IPHONEOS_DEPLOYMENT_TARGET = 16.4;
				MTL_ENABLE_DEBUG_INFO = INCLUDE_SOURCE;
				MTL_FAST_MATH = YES;
				ONLY_ACTIVE_ARCH = YES;
				SDKROOT = iphoneos;
				SWIFT_ACTIVE_COMPILATION_CONDITIONS = DEBUG;
				SWIFT_OPTIMIZATION_LEVEL = "-Onone";
			};
			name = Debug;
		};
		F3E850FF2AC74D6700606D22 /* Release */ = {
			isa = XCBuildConfiguration;
			buildSettings = {
				ALWAYS_SEARCH_USER_PATHS = NO;
				CLANG_ANALYZER_NONNULL = YES;
				CLANG_ANALYZER_NUMBER_OBJECT_CONVERSION = YES_AGGRESSIVE;
				CLANG_CXX_LANGUAGE_STANDARD = "gnu++20";
				CLANG_ENABLE_MODULES = YES;
				CLANG_ENABLE_OBJC_ARC = YES;
				CLANG_ENABLE_OBJC_WEAK = YES;
				CLANG_WARN_BLOCK_CAPTURE_AUTORELEASING = YES;
				CLANG_WARN_BOOL_CONVERSION = YES;
				CLANG_WARN_COMMA = YES;
				CLANG_WARN_CONSTANT_CONVERSION = YES;
				CLANG_WARN_DEPRECATED_OBJC_IMPLEMENTATIONS = YES;
				CLANG_WARN_DIRECT_OBJC_ISA_USAGE = YES_ERROR;
				CLANG_WARN_DOCUMENTATION_COMMENTS = YES;
				CLANG_WARN_EMPTY_BODY = YES;
				CLANG_WARN_ENUM_CONVERSION = YES;
				CLANG_WARN_INFINITE_RECURSION = YES;
				CLANG_WARN_INT_CONVERSION = YES;
				CLANG_WARN_NON_LITERAL_NULL_CONVERSION = YES;
				CLANG_WARN_OBJC_IMPLICIT_RETAIN_SELF = YES;
				CLANG_WARN_OBJC_LITERAL_CONVERSION = YES;
				CLANG_WARN_OBJC_ROOT_CLASS = YES_ERROR;
				CLANG_WARN_QUOTED_INCLUDE_IN_FRAMEWORK_HEADER = YES;
				CLANG_WARN_RANGE_LOOP_ANALYSIS = YES;
				CLANG_WARN_STRICT_PROTOTYPES = YES;
				CLANG_WARN_SUSPICIOUS_MOVE = YES;
				CLANG_WARN_UNGUARDED_AVAILABILITY = YES_AGGRESSIVE;
				CLANG_WARN_UNREACHABLE_CODE = YES;
				CLANG_WARN__DUPLICATE_METHOD_MATCH = YES;
				COPY_PHASE_STRIP = NO;
				DEBUG_INFORMATION_FORMAT = "dwarf-with-dsym";
				ENABLE_NS_ASSERTIONS = NO;
				ENABLE_STRICT_OBJC_MSGSEND = YES;
				GCC_C_LANGUAGE_STANDARD = gnu11;
				GCC_NO_COMMON_BLOCKS = YES;
				GCC_WARN_64_TO_32_BIT_CONVERSION = YES;
				GCC_WARN_ABOUT_RETURN_TYPE = YES_ERROR;
				GCC_WARN_UNDECLARED_SELECTOR = YES;
				GCC_WARN_UNINITIALIZED_AUTOS = YES_AGGRESSIVE;
				GCC_WARN_UNUSED_FUNCTION = YES;
				GCC_WARN_UNUSED_VARIABLE = YES;
				IPHONEOS_DEPLOYMENT_TARGET = 16.4;
				MTL_ENABLE_DEBUG_INFO = NO;
				MTL_FAST_MATH = YES;
				SDKROOT = iphoneos;
				SWIFT_COMPILATION_MODE = wholemodule;
				SWIFT_OPTIMIZATION_LEVEL = "-O";
				VALIDATE_PRODUCT = YES;
			};
			name = Release;
		};
		F3E851012AC74D6700606D22 /* Debug */ = {
			isa = XCBuildConfiguration;
			buildSettings = {
				ASSETCATALOG_COMPILER_APPICON_NAME = AppIcon;
				ASSETCATALOG_COMPILER_GLOBAL_ACCENT_COLOR_NAME = AccentColor;
				CODE_SIGN_STYLE = Automatic;
				CURRENT_PROJECT_VERSION = 1;
				GENERATE_INFOPLIST_FILE = YES;
				INFOPLIST_FILE = "UIKit-Study/Info.plist";
				INFOPLIST_KEY_UIApplicationSupportsIndirectInputEvents = YES;
				INFOPLIST_KEY_UILaunchStoryboardName = LaunchScreen;
				INFOPLIST_KEY_UISupportedInterfaceOrientations_iPad = "UIInterfaceOrientationPortrait UIInterfaceOrientationPortraitUpsideDown UIInterfaceOrientationLandscapeLeft UIInterfaceOrientationLandscapeRight";
				INFOPLIST_KEY_UISupportedInterfaceOrientations_iPhone = "UIInterfaceOrientationPortrait UIInterfaceOrientationLandscapeLeft UIInterfaceOrientationLandscapeRight";
				IPHONEOS_DEPLOYMENT_TARGET = 16.4;
				LD_RUNPATH_SEARCH_PATHS = (
					"$(inherited)",
					"@executable_path/Frameworks",
				);
				MARKETING_VERSION = 1.0;
				PRODUCT_BUNDLE_IDENTIFIER = "com.kyungsoo.UIKit-Study";
				PRODUCT_NAME = "$(TARGET_NAME)";
				SWIFT_EMIT_LOC_STRINGS = YES;
				SWIFT_VERSION = 5.0;
				TARGETED_DEVICE_FAMILY = "1,2";
			};
			name = Debug;
		};
		F3E851022AC74D6700606D22 /* Release */ = {
			isa = XCBuildConfiguration;
			buildSettings = {
				ASSETCATALOG_COMPILER_APPICON_NAME = AppIcon;
				ASSETCATALOG_COMPILER_GLOBAL_ACCENT_COLOR_NAME = AccentColor;
				CODE_SIGN_STYLE = Automatic;
				CURRENT_PROJECT_VERSION = 1;
				GENERATE_INFOPLIST_FILE = YES;
				INFOPLIST_FILE = "UIKit-Study/Info.plist";
				INFOPLIST_KEY_UIApplicationSupportsIndirectInputEvents = YES;
				INFOPLIST_KEY_UILaunchStoryboardName = LaunchScreen;
				INFOPLIST_KEY_UISupportedInterfaceOrientations_iPad = "UIInterfaceOrientationPortrait UIInterfaceOrientationPortraitUpsideDown UIInterfaceOrientationLandscapeLeft UIInterfaceOrientationLandscapeRight";
				INFOPLIST_KEY_UISupportedInterfaceOrientations_iPhone = "UIInterfaceOrientationPortrait UIInterfaceOrientationLandscapeLeft UIInterfaceOrientationLandscapeRight";
				IPHONEOS_DEPLOYMENT_TARGET = 16.4;
				LD_RUNPATH_SEARCH_PATHS = (
					"$(inherited)",
					"@executable_path/Frameworks",
				);
				MARKETING_VERSION = 1.0;
				PRODUCT_BUNDLE_IDENTIFIER = "com.kyungsoo.UIKit-Study";
				PRODUCT_NAME = "$(TARGET_NAME)";
				SWIFT_EMIT_LOC_STRINGS = YES;
				SWIFT_VERSION = 5.0;
				TARGETED_DEVICE_FAMILY = "1,2";
			};
			name = Release;
		};
		F3E851042AC74D6700606D22 /* Debug */ = {
			isa = XCBuildConfiguration;
			buildSettings = {
				ALWAYS_EMBED_SWIFT_STANDARD_LIBRARIES = YES;
				BUNDLE_LOADER = "$(TEST_HOST)";
				CODE_SIGN_STYLE = Automatic;
				CURRENT_PROJECT_VERSION = 1;
				GENERATE_INFOPLIST_FILE = YES;
				IPHONEOS_DEPLOYMENT_TARGET = 16.4;
				MARKETING_VERSION = 1.0;
				PRODUCT_BUNDLE_IDENTIFIER = "com.kyungsoo.UIKit-StudyTests";
				PRODUCT_NAME = "$(TARGET_NAME)";
				SWIFT_EMIT_LOC_STRINGS = NO;
				SWIFT_VERSION = 5.0;
				TARGETED_DEVICE_FAMILY = "1,2";
				TEST_HOST = "$(BUILT_PRODUCTS_DIR)/UIKit-Study.app/$(BUNDLE_EXECUTABLE_FOLDER_PATH)/UIKit-Study";
			};
			name = Debug;
		};
		F3E851052AC74D6700606D22 /* Release */ = {
			isa = XCBuildConfiguration;
			buildSettings = {
				ALWAYS_EMBED_SWIFT_STANDARD_LIBRARIES = YES;
				BUNDLE_LOADER = "$(TEST_HOST)";
				CODE_SIGN_STYLE = Automatic;
				CURRENT_PROJECT_VERSION = 1;
				GENERATE_INFOPLIST_FILE = YES;
				IPHONEOS_DEPLOYMENT_TARGET = 16.4;
				MARKETING_VERSION = 1.0;
				PRODUCT_BUNDLE_IDENTIFIER = "com.kyungsoo.UIKit-StudyTests";
				PRODUCT_NAME = "$(TARGET_NAME)";
				SWIFT_EMIT_LOC_STRINGS = NO;
				SWIFT_VERSION = 5.0;
				TARGETED_DEVICE_FAMILY = "1,2";
				TEST_HOST = "$(BUILT_PRODUCTS_DIR)/UIKit-Study.app/$(BUNDLE_EXECUTABLE_FOLDER_PATH)/UIKit-Study";
			};
			name = Release;
		};
		F3E851072AC74D6700606D22 /* Debug */ = {
			isa = XCBuildConfiguration;
			buildSettings = {
				ALWAYS_EMBED_SWIFT_STANDARD_LIBRARIES = YES;
				CODE_SIGN_STYLE = Automatic;
				CURRENT_PROJECT_VERSION = 1;
				GENERATE_INFOPLIST_FILE = YES;
				MARKETING_VERSION = 1.0;
				PRODUCT_BUNDLE_IDENTIFIER = "com.kyungsoo.UIKit-StudyUITests";
				PRODUCT_NAME = "$(TARGET_NAME)";
				SWIFT_EMIT_LOC_STRINGS = NO;
				SWIFT_VERSION = 5.0;
				TARGETED_DEVICE_FAMILY = "1,2";
				TEST_TARGET_NAME = "UIKit-Study";
			};
			name = Debug;
		};
		F3E851082AC74D6700606D22 /* Release */ = {
			isa = XCBuildConfiguration;
			buildSettings = {
				ALWAYS_EMBED_SWIFT_STANDARD_LIBRARIES = YES;
				CODE_SIGN_STYLE = Automatic;
				CURRENT_PROJECT_VERSION = 1;
				GENERATE_INFOPLIST_FILE = YES;
				MARKETING_VERSION = 1.0;
				PRODUCT_BUNDLE_IDENTIFIER = "com.kyungsoo.UIKit-StudyUITests";
				PRODUCT_NAME = "$(TARGET_NAME)";
				SWIFT_EMIT_LOC_STRINGS = NO;
				SWIFT_VERSION = 5.0;
				TARGETED_DEVICE_FAMILY = "1,2";
				TEST_TARGET_NAME = "UIKit-Study";
			};
			name = Release;
		};
/* End XCBuildConfiguration section */

/* Begin XCConfigurationList section */
		F3E850D12AC74D6500606D22 /* Build configuration list for PBXProject "UIKit-Study" */ = {
			isa = XCConfigurationList;
			buildConfigurations = (
				F3E850FE2AC74D6700606D22 /* Debug */,
				F3E850FF2AC74D6700606D22 /* Release */,
			);
			defaultConfigurationIsVisible = 0;
			defaultConfigurationName = Release;
		};
		F3E851002AC74D6700606D22 /* Build configuration list for PBXNativeTarget "UIKit-Study" */ = {
			isa = XCConfigurationList;
			buildConfigurations = (
				F3E851012AC74D6700606D22 /* Debug */,
				F3E851022AC74D6700606D22 /* Release */,
			);
			defaultConfigurationIsVisible = 0;
			defaultConfigurationName = Release;
		};
		F3E851032AC74D6700606D22 /* Build configuration list for PBXNativeTarget "UIKit-StudyTests" */ = {
			isa = XCConfigurationList;
			buildConfigurations = (
				F3E851042AC74D6700606D22 /* Debug */,
				F3E851052AC74D6700606D22 /* Release */,
			);
			defaultConfigurationIsVisible = 0;
			defaultConfigurationName = Release;
		};
		F3E851062AC74D6700606D22 /* Build configuration list for PBXNativeTarget "UIKit-StudyUITests" */ = {
			isa = XCConfigurationList;
			buildConfigurations = (
				F3E851072AC74D6700606D22 /* Debug */,
				F3E851082AC74D6700606D22 /* Release */,
			);
			defaultConfigurationIsVisible = 0;
			defaultConfigurationName = Release;
		};
/* End XCConfigurationList section */
	};
	rootObject = F3E850CE2AC74D6500606D22 /* Project object */;
}
