// !$*UTF8*$!
{
	archiveVersion = 1;
	classes = {
	};
	objectVersion = 56;
	objects = {

/* Begin PBXBuildFile section */
		038BBFAE2ACB655E00D713FC /* AppDelegate.swift in Sources */ = {isa = PBXBuildFile; fileRef = 038BBFAD2ACB655E00D713FC /* AppDelegate.swift */; };
		038BBFB52ACB655E00D713FC /* Main.storyboard in Resources */ = {isa = PBXBuildFile; fileRef = 038BBFB32ACB655E00D713FC /* Main.storyboard */; };
		038BBFB72ACB655F00D713FC /* Assets.xcassets in Resources */ = {isa = PBXBuildFile; fileRef = 038BBFB62ACB655F00D713FC /* Assets.xcassets */; };
		038BBFBA2ACB655F00D713FC /* LaunchScreen.storyboard in Resources */ = {isa = PBXBuildFile; fileRef = 038BBFB82ACB655F00D713FC /* LaunchScreen.storyboard */; };
		038BBFC52ACB655F00D713FC /* UIKit_StudyTests.swift in Sources */ = {isa = PBXBuildFile; fileRef = 038BBFC42ACB655F00D713FC /* UIKit_StudyTests.swift */; };
		038BBFCF2ACB655F00D713FC /* UIKit_StudyUITests.swift in Sources */ = {isa = PBXBuildFile; fileRef = 038BBFCE2ACB655F00D713FC /* UIKit_StudyUITests.swift */; };
		038BBFD12ACB655F00D713FC /* UIKit_StudyUITestsLaunchTests.swift in Sources */ = {isa = PBXBuildFile; fileRef = 038BBFD02ACB655F00D713FC /* UIKit_StudyUITestsLaunchTests.swift */; };
		038BBFE32ACB65DC00D713FC /* UIButtonTest.swift in Sources */ = {isa = PBXBuildFile; fileRef = 038BBFDD2ACB65DB00D713FC /* UIButtonTest.swift */; };
		038BBFE42ACB65DC00D713FC /* UILabelTest.swift in Sources */ = {isa = PBXBuildFile; fileRef = 038BBFDE2ACB65DB00D713FC /* UILabelTest.swift */; };
		038BBFE62ACB65DC00D713FC /* UIViewTest.swift in Sources */ = {isa = PBXBuildFile; fileRef = 038BBFE02ACB65DC00D713FC /* UIViewTest.swift */; };
		038BBFE72ACB65DC00D713FC /* UITextFieldTest.swift in Sources */ = {isa = PBXBuildFile; fileRef = 038BBFE12ACB65DC00D713FC /* UITextFieldTest.swift */; };
		038BBFEB2ACB664300D713FC /* SceneDelegate.swift in Sources */ = {isa = PBXBuildFile; fileRef = 038BBFE92ACB664300D713FC /* SceneDelegate.swift */; };
		038BBFEC2ACB664300D713FC /* ViewController.swift in Sources */ = {isa = PBXBuildFile; fileRef = 038BBFEA2ACB664300D713FC /* ViewController.swift */; };
		038BBFEE2ACB6DB600D713FC /* UITextViewTest.swift in Sources */ = {isa = PBXBuildFile; fileRef = 038BBFED2ACB6DB600D713FC /* UITextViewTest.swift */; };
		038BBFF02ACB6DCA00D713FC /* UIImageViewTest.swift in Sources */ = {isa = PBXBuildFile; fileRef = 038BBFEF2ACB6DCA00D713FC /* UIImageViewTest.swift */; };
		038BBFF22ACB6DD900D713FC /* UITableViewTest.swift in Sources */ = {isa = PBXBuildFile; fileRef = 038BBFF12ACB6DD900D713FC /* UITableViewTest.swift */; };
		038BBFF42ACB6DF800D713FC /* UICollectionViewTest.swift in Sources */ = {isa = PBXBuildFile; fileRef = 038BBFF32ACB6DF800D713FC /* UICollectionViewTest.swift */; };
		038BBFF62ACB6E1800D713FC /* UISegmentedControlTest.swift in Sources */ = {isa = PBXBuildFile; fileRef = 038BBFF52ACB6E1700D713FC /* UISegmentedControlTest.swift */; };
		038BBFF82ACB6E7000D713FC /* UISliderTest.swift in Sources */ = {isa = PBXBuildFile; fileRef = 038BBFF72ACB6E7000D713FC /* UISliderTest.swift */; };
		038BBFFA2ACB6E9900D713FC /* CustomTabBarControllerTest.swift in Sources */ = {isa = PBXBuildFile; fileRef = 038BBFF92ACB6E9900D713FC /* CustomTabBarControllerTest.swift */; };
		038BBFFC2ACB6EA900D713FC /* UIStackViewTest.swift in Sources */ = {isa = PBXBuildFile; fileRef = 038BBFFB2ACB6EA900D713FC /* UIStackViewTest.swift */; };
		038BBFFE2ACB6EBC00D713FC /* UINavigationControllerTest.swift in Sources */ = {isa = PBXBuildFile; fileRef = 038BBFFD2ACB6EBC00D713FC /* UINavigationControllerTest.swift */; };
		038BC0002ACB6ECB00D713FC /* UIScrollViewTest.swift in Sources */ = {isa = PBXBuildFile; fileRef = 038BBFFF2ACB6ECB00D713FC /* UIScrollViewTest.swift */; };
/* End PBXBuildFile section */

/* Begin PBXContainerItemProxy section */
		038BBFC12ACB655F00D713FC /* PBXContainerItemProxy */ = {
			isa = PBXContainerItemProxy;
			containerPortal = 038BBFA22ACB655E00D713FC /* Project object */;
			proxyType = 1;
			remoteGlobalIDString = 038BBFA92ACB655E00D713FC;
			remoteInfo = "UIKit-Study";
		};
		038BBFCB2ACB655F00D713FC /* PBXContainerItemProxy */ = {
			isa = PBXContainerItemProxy;
			containerPortal = 038BBFA22ACB655E00D713FC /* Project object */;
			proxyType = 1;
			remoteGlobalIDString = 038BBFA92ACB655E00D713FC;
			remoteInfo = "UIKit-Study";
		};
/* End PBXContainerItemProxy section */

/* Begin PBXFileReference section */
		038BBFAA2ACB655E00D713FC /* UIKit-Study.app */ = {isa = PBXFileReference; explicitFileType = wrapper.application; includeInIndex = 0; path = "UIKit-Study.app"; sourceTree = BUILT_PRODUCTS_DIR; };
		038BBFAD2ACB655E00D713FC /* AppDelegate.swift */ = {isa = PBXFileReference; lastKnownFileType = sourcecode.swift; path = AppDelegate.swift; sourceTree = "<group>"; };
		038BBFB42ACB655E00D713FC /* Base */ = {isa = PBXFileReference; lastKnownFileType = file.storyboard; name = Base; path = Base.lproj/Main.storyboard; sourceTree = "<group>"; };
		038BBFB62ACB655F00D713FC /* Assets.xcassets */ = {isa = PBXFileReference; lastKnownFileType = folder.assetcatalog; path = Assets.xcassets; sourceTree = "<group>"; };
		038BBFB92ACB655F00D713FC /* Base */ = {isa = PBXFileReference; lastKnownFileType = file.storyboard; name = Base; path = Base.lproj/LaunchScreen.storyboard; sourceTree = "<group>"; };
		038BBFBB2ACB655F00D713FC /* Info.plist */ = {isa = PBXFileReference; lastKnownFileType = text.plist.xml; path = Info.plist; sourceTree = "<group>"; };
		038BBFC02ACB655F00D713FC /* UIKit-StudyTests.xctest */ = {isa = PBXFileReference; explicitFileType = wrapper.cfbundle; includeInIndex = 0; path = "UIKit-StudyTests.xctest"; sourceTree = BUILT_PRODUCTS_DIR; };
		038BBFC42ACB655F00D713FC /* UIKit_StudyTests.swift */ = {isa = PBXFileReference; lastKnownFileType = sourcecode.swift; path = UIKit_StudyTests.swift; sourceTree = "<group>"; };
		038BBFCA2ACB655F00D713FC /* UIKit-StudyUITests.xctest */ = {isa = PBXFileReference; explicitFileType = wrapper.cfbundle; includeInIndex = 0; path = "UIKit-StudyUITests.xctest"; sourceTree = BUILT_PRODUCTS_DIR; };
		038BBFCE2ACB655F00D713FC /* UIKit_StudyUITests.swift */ = {isa = PBXFileReference; lastKnownFileType = sourcecode.swift; path = UIKit_StudyUITests.swift; sourceTree = "<group>"; };
		038BBFD02ACB655F00D713FC /* UIKit_StudyUITestsLaunchTests.swift */ = {isa = PBXFileReference; lastKnownFileType = sourcecode.swift; path = UIKit_StudyUITestsLaunchTests.swift; sourceTree = "<group>"; };
		038BBFDD2ACB65DB00D713FC /* UIButtonTest.swift */ = {isa = PBXFileReference; fileEncoding = 4; lastKnownFileType = sourcecode.swift; path = UIButtonTest.swift; sourceTree = "<group>"; };
		038BBFDE2ACB65DB00D713FC /* UILabelTest.swift */ = {isa = PBXFileReference; fileEncoding = 4; lastKnownFileType = sourcecode.swift; path = UILabelTest.swift; sourceTree = "<group>"; };
		038BBFE02ACB65DC00D713FC /* UIViewTest.swift */ = {isa = PBXFileReference; fileEncoding = 4; lastKnownFileType = sourcecode.swift; path = UIViewTest.swift; sourceTree = "<group>"; };
		038BBFE12ACB65DC00D713FC /* UITextFieldTest.swift */ = {isa = PBXFileReference; fileEncoding = 4; lastKnownFileType = sourcecode.swift; path = UITextFieldTest.swift; sourceTree = "<group>"; };
		038BBFE92ACB664300D713FC /* SceneDelegate.swift */ = {isa = PBXFileReference; fileEncoding = 4; lastKnownFileType = sourcecode.swift; path = SceneDelegate.swift; sourceTree = "<group>"; };
		038BBFEA2ACB664300D713FC /* ViewController.swift */ = {isa = PBXFileReference; fileEncoding = 4; lastKnownFileType = sourcecode.swift; path = ViewController.swift; sourceTree = "<group>"; };
		038BBFED2ACB6DB600D713FC /* UITextViewTest.swift */ = {isa = PBXFileReference; lastKnownFileType = sourcecode.swift; name = UITextViewTest.swift; path = ../../../../../../../Documents/UITextViewTest.swift; sourceTree = "<group>"; };
		038BBFEF2ACB6DCA00D713FC /* UIImageViewTest.swift */ = {isa = PBXFileReference; lastKnownFileType = sourcecode.swift; path = UIImageViewTest.swift; sourceTree = "<group>"; };
		038BBFF12ACB6DD900D713FC /* UITableViewTest.swift */ = {isa = PBXFileReference; lastKnownFileType = sourcecode.swift; path = UITableViewTest.swift; sourceTree = "<group>"; };
		038BBFF32ACB6DF800D713FC /* UICollectionViewTest.swift */ = {isa = PBXFileReference; lastKnownFileType = sourcecode.swift; path = UICollectionViewTest.swift; sourceTree = "<group>"; };
		038BBFF52ACB6E1700D713FC /* UISegmentedControlTest.swift */ = {isa = PBXFileReference; lastKnownFileType = sourcecode.swift; path = UISegmentedControlTest.swift; sourceTree = "<group>"; };
		038BBFF72ACB6E7000D713FC /* UISliderTest.swift */ = {isa = PBXFileReference; lastKnownFileType = sourcecode.swift; path = UISliderTest.swift; sourceTree = "<group>"; };
		038BBFF92ACB6E9900D713FC /* CustomTabBarControllerTest.swift */ = {isa = PBXFileReference; lastKnownFileType = sourcecode.swift; path = CustomTabBarControllerTest.swift; sourceTree = "<group>"; };
		038BBFFB2ACB6EA900D713FC /* UIStackViewTest.swift */ = {isa = PBXFileReference; lastKnownFileType = sourcecode.swift; path = UIStackViewTest.swift; sourceTree = "<group>"; };
		038BBFFD2ACB6EBC00D713FC /* UINavigationControllerTest.swift */ = {isa = PBXFileReference; lastKnownFileType = sourcecode.swift; path = UINavigationControllerTest.swift; sourceTree = "<group>"; };
		038BBFFF2ACB6ECB00D713FC /* UIScrollViewTest.swift */ = {isa = PBXFileReference; lastKnownFileType = sourcecode.swift; path = UIScrollViewTest.swift; sourceTree = "<group>"; };
/* End PBXFileReference section */

/* Begin PBXFrameworksBuildPhase section */
		038BBFA72ACB655E00D713FC /* Frameworks */ = {
			isa = PBXFrameworksBuildPhase;
			buildActionMask = 2147483647;
			files = (
			);
			runOnlyForDeploymentPostprocessing = 0;
		};
		038BBFBD2ACB655F00D713FC /* Frameworks */ = {
			isa = PBXFrameworksBuildPhase;
			buildActionMask = 2147483647;
			files = (
			);
			runOnlyForDeploymentPostprocessing = 0;
		};
		038BBFC72ACB655F00D713FC /* Frameworks */ = {
			isa = PBXFrameworksBuildPhase;
			buildActionMask = 2147483647;
			files = (
			);
			runOnlyForDeploymentPostprocessing = 0;
		};
/* End PBXFrameworksBuildPhase section */

/* Begin PBXGroup section */
		038BBFA12ACB655E00D713FC = {
			isa = PBXGroup;
			children = (
				038BBFAC2ACB655E00D713FC /* UIKit-Study */,
				038BBFC32ACB655F00D713FC /* UIKit-StudyTests */,
				038BBFCD2ACB655F00D713FC /* UIKit-StudyUITests */,
				038BBFAB2ACB655E00D713FC /* Products */,
			);
			sourceTree = "<group>";
		};
		038BBFAB2ACB655E00D713FC /* Products */ = {
			isa = PBXGroup;
			children = (
				038BBFAA2ACB655E00D713FC /* UIKit-Study.app */,
				038BBFC02ACB655F00D713FC /* UIKit-StudyTests.xctest */,
				038BBFCA2ACB655F00D713FC /* UIKit-StudyUITests.xctest */,
			);
			name = Products;
			sourceTree = "<group>";
		};
		038BBFAC2ACB655E00D713FC /* UIKit-Study */ = {
			isa = PBXGroup;
			children = (
				038BBFE92ACB664300D713FC /* SceneDelegate.swift */,
				038BBFEA2ACB664300D713FC /* ViewController.swift */,
				038BBFAD2ACB655E00D713FC /* AppDelegate.swift */,
				038BBFB32ACB655E00D713FC /* Main.storyboard */,
				038BBFB62ACB655F00D713FC /* Assets.xcassets */,
				038BBFB82ACB655F00D713FC /* LaunchScreen.storyboard */,
				038BBFBB2ACB655F00D713FC /* Info.plist */,
				038BBFE02ACB65DC00D713FC /* UIViewTest.swift */,
				038BBFDE2ACB65DB00D713FC /* UILabelTest.swift */,
				038BBFDD2ACB65DB00D713FC /* UIButtonTest.swift */,
				038BBFE12ACB65DC00D713FC /* UITextFieldTest.swift */,
				038BBFED2ACB6DB600D713FC /* UITextViewTest.swift */,
				038BBFEF2ACB6DCA00D713FC /* UIImageViewTest.swift */,
				038BBFF12ACB6DD900D713FC /* UITableViewTest.swift */,
				038BBFF32ACB6DF800D713FC /* UICollectionViewTest.swift */,
				038BBFF52ACB6E1700D713FC /* UISegmentedControlTest.swift */,
				038BBFF72ACB6E7000D713FC /* UISliderTest.swift */,
				038BBFF92ACB6E9900D713FC /* CustomTabBarControllerTest.swift */,
				038BBFFB2ACB6EA900D713FC /* UIStackViewTest.swift */,
				038BBFFD2ACB6EBC00D713FC /* UINavigationControllerTest.swift */,
				038BBFFF2ACB6ECB00D713FC /* UIScrollViewTest.swift */,
			);
			path = "UIKit-Study";
			sourceTree = "<group>";
		};
		038BBFC32ACB655F00D713FC /* UIKit-StudyTests */ = {
			isa = PBXGroup;
			children = (
				038BBFC42ACB655F00D713FC /* UIKit_StudyTests.swift */,
			);
			path = "UIKit-StudyTests";
			sourceTree = "<group>";
		};
		038BBFCD2ACB655F00D713FC /* UIKit-StudyUITests */ = {
			isa = PBXGroup;
			children = (
				038BBFCE2ACB655F00D713FC /* UIKit_StudyUITests.swift */,
				038BBFD02ACB655F00D713FC /* UIKit_StudyUITestsLaunchTests.swift */,
			);
			path = "UIKit-StudyUITests";
			sourceTree = "<group>";
		};
/* End PBXGroup section */

/* Begin PBXNativeTarget section */
		038BBFA92ACB655E00D713FC /* UIKit-Study */ = {
			isa = PBXNativeTarget;
			buildConfigurationList = 038BBFD42ACB655F00D713FC /* Build configuration list for PBXNativeTarget "UIKit-Study" */;
			buildPhases = (
				038BBFA62ACB655E00D713FC /* Sources */,
				038BBFA72ACB655E00D713FC /* Frameworks */,
				038BBFA82ACB655E00D713FC /* Resources */,
			);
			buildRules = (
			);
			dependencies = (
			);
			name = "UIKit-Study";
			productName = "UIKit-Study";
			productReference = 038BBFAA2ACB655E00D713FC /* UIKit-Study.app */;
			productType = "com.apple.product-type.application";
		};
		038BBFBF2ACB655F00D713FC /* UIKit-StudyTests */ = {
			isa = PBXNativeTarget;
			buildConfigurationList = 038BBFD72ACB655F00D713FC /* Build configuration list for PBXNativeTarget "UIKit-StudyTests" */;
			buildPhases = (
				038BBFBC2ACB655F00D713FC /* Sources */,
				038BBFBD2ACB655F00D713FC /* Frameworks */,
				038BBFBE2ACB655F00D713FC /* Resources */,
			);
			buildRules = (
			);
			dependencies = (
				038BBFC22ACB655F00D713FC /* PBXTargetDependency */,
			);
			name = "UIKit-StudyTests";
			productName = "UIKit-StudyTests";
			productReference = 038BBFC02ACB655F00D713FC /* UIKit-StudyTests.xctest */;
			productType = "com.apple.product-type.bundle.unit-test";
		};
		038BBFC92ACB655F00D713FC /* UIKit-StudyUITests */ = {
			isa = PBXNativeTarget;
			buildConfigurationList = 038BBFDA2ACB655F00D713FC /* Build configuration list for PBXNativeTarget "UIKit-StudyUITests" */;
			buildPhases = (
				038BBFC62ACB655F00D713FC /* Sources */,
				038BBFC72ACB655F00D713FC /* Frameworks */,
				038BBFC82ACB655F00D713FC /* Resources */,
			);
			buildRules = (
			);
			dependencies = (
				038BBFCC2ACB655F00D713FC /* PBXTargetDependency */,
			);
			name = "UIKit-StudyUITests";
			productName = "UIKit-StudyUITests";
			productReference = 038BBFCA2ACB655F00D713FC /* UIKit-StudyUITests.xctest */;
			productType = "com.apple.product-type.bundle.ui-testing";
		};
/* End PBXNativeTarget section */

/* Begin PBXProject section */
		038BBFA22ACB655E00D713FC /* Project object */ = {
			isa = PBXProject;
			attributes = {
				BuildIndependentTargetsInParallel = 1;
				LastSwiftUpdateCheck = 1430;
				LastUpgradeCheck = 1430;
				TargetAttributes = {
					038BBFA92ACB655E00D713FC = {
						CreatedOnToolsVersion = 14.3.1;
					};
					038BBFBF2ACB655F00D713FC = {
						CreatedOnToolsVersion = 14.3.1;
						TestTargetID = 038BBFA92ACB655E00D713FC;
					};
					038BBFC92ACB655F00D713FC = {
						CreatedOnToolsVersion = 14.3.1;
						TestTargetID = 038BBFA92ACB655E00D713FC;
					};
				};
			};
			buildConfigurationList = 038BBFA52ACB655E00D713FC /* Build configuration list for PBXProject "UIKit-Study" */;
			compatibilityVersion = "Xcode 14.0";
			developmentRegion = en;
			hasScannedForEncodings = 0;
			knownRegions = (
				en,
				Base,
			);
			mainGroup = 038BBFA12ACB655E00D713FC;
			productRefGroup = 038BBFAB2ACB655E00D713FC /* Products */;
			projectDirPath = "";
			projectRoot = "";
			targets = (
				038BBFA92ACB655E00D713FC /* UIKit-Study */,
				038BBFBF2ACB655F00D713FC /* UIKit-StudyTests */,
				038BBFC92ACB655F00D713FC /* UIKit-StudyUITests */,
			);
		};
/* End PBXProject section */

/* Begin PBXResourcesBuildPhase section */
		038BBFA82ACB655E00D713FC /* Resources */ = {
			isa = PBXResourcesBuildPhase;
			buildActionMask = 2147483647;
			files = (
				038BBFBA2ACB655F00D713FC /* LaunchScreen.storyboard in Resources */,
				038BBFB72ACB655F00D713FC /* Assets.xcassets in Resources */,
				038BBFB52ACB655E00D713FC /* Main.storyboard in Resources */,
			);
			runOnlyForDeploymentPostprocessing = 0;
		};
		038BBFBE2ACB655F00D713FC /* Resources */ = {
			isa = PBXResourcesBuildPhase;
			buildActionMask = 2147483647;
			files = (
			);
			runOnlyForDeploymentPostprocessing = 0;
		};
		038BBFC82ACB655F00D713FC /* Resources */ = {
			isa = PBXResourcesBuildPhase;
			buildActionMask = 2147483647;
			files = (
			);
			runOnlyForDeploymentPostprocessing = 0;
		};
/* End PBXResourcesBuildPhase section */

/* Begin PBXSourcesBuildPhase section */
		038BBFA62ACB655E00D713FC /* Sources */ = {
			isa = PBXSourcesBuildPhase;
			buildActionMask = 2147483647;
			files = (
				038BBFFA2ACB6E9900D713FC /* CustomTabBarControllerTest.swift in Sources */,
				038BBFAE2ACB655E00D713FC /* AppDelegate.swift in Sources */,
				038BBFF22ACB6DD900D713FC /* UITableViewTest.swift in Sources */,
				038BBFF42ACB6DF800D713FC /* UICollectionViewTest.swift in Sources */,
				038BBFE42ACB65DC00D713FC /* UILabelTest.swift in Sources */,
				038BBFE32ACB65DC00D713FC /* UIButtonTest.swift in Sources */,
				038BBFE62ACB65DC00D713FC /* UIViewTest.swift in Sources */,
				038BBFF62ACB6E1800D713FC /* UISegmentedControlTest.swift in Sources */,
				038BBFEC2ACB664300D713FC /* ViewController.swift in Sources */,
				038BBFFC2ACB6EA900D713FC /* UIStackViewTest.swift in Sources */,
				038BBFFE2ACB6EBC00D713FC /* UINavigationControllerTest.swift in Sources */,
				038BBFEE2ACB6DB600D713FC /* UITextViewTest.swift in Sources */,
				038BBFF02ACB6DCA00D713FC /* UIImageViewTest.swift in Sources */,
				038BBFF82ACB6E7000D713FC /* UISliderTest.swift in Sources */,
				038BBFE72ACB65DC00D713FC /* UITextFieldTest.swift in Sources */,
				038BBFEB2ACB664300D713FC /* SceneDelegate.swift in Sources */,
				038BC0002ACB6ECB00D713FC /* UIScrollViewTest.swift in Sources */,
			);
			runOnlyForDeploymentPostprocessing = 0;
		};
		038BBFBC2ACB655F00D713FC /* Sources */ = {
			isa = PBXSourcesBuildPhase;
			buildActionMask = 2147483647;
			files = (
				038BBFC52ACB655F00D713FC /* UIKit_StudyTests.swift in Sources */,
			);
			runOnlyForDeploymentPostprocessing = 0;
		};
		038BBFC62ACB655F00D713FC /* Sources */ = {
			isa = PBXSourcesBuildPhase;
			buildActionMask = 2147483647;
			files = (
				038BBFCF2ACB655F00D713FC /* UIKit_StudyUITests.swift in Sources */,
				038BBFD12ACB655F00D713FC /* UIKit_StudyUITestsLaunchTests.swift in Sources */,
			);
			runOnlyForDeploymentPostprocessing = 0;
		};
/* End PBXSourcesBuildPhase section */

/* Begin PBXTargetDependency section */
		038BBFC22ACB655F00D713FC /* PBXTargetDependency */ = {
			isa = PBXTargetDependency;
			target = 038BBFA92ACB655E00D713FC /* UIKit-Study */;
			targetProxy = 038BBFC12ACB655F00D713FC /* PBXContainerItemProxy */;
		};
		038BBFCC2ACB655F00D713FC /* PBXTargetDependency */ = {
			isa = PBXTargetDependency;
			target = 038BBFA92ACB655E00D713FC /* UIKit-Study */;
			targetProxy = 038BBFCB2ACB655F00D713FC /* PBXContainerItemProxy */;
		};
/* End PBXTargetDependency section */

/* Begin PBXVariantGroup section */
		038BBFB32ACB655E00D713FC /* Main.storyboard */ = {
			isa = PBXVariantGroup;
			children = (
				038BBFB42ACB655E00D713FC /* Base */,
			);
			name = Main.storyboard;
			sourceTree = "<group>";
		};
		038BBFB82ACB655F00D713FC /* LaunchScreen.storyboard */ = {
			isa = PBXVariantGroup;
			children = (
				038BBFB92ACB655F00D713FC /* Base */,
			);
			name = LaunchScreen.storyboard;
			sourceTree = "<group>";
		};
/* End PBXVariantGroup section */

/* Begin XCBuildConfiguration section */
		038BBFD22ACB655F00D713FC /* Debug */ = {
			isa = XCBuildConfiguration;
			buildSettings = {
				ALWAYS_SEARCH_USER_PATHS = NO;
				CLANG_ANALYZER_NONNULL = YES;
				CLANG_ANALYZER_NUMBER_OBJECT_CONVERSION = YES_AGGRESSIVE;
				CLANG_CXX_LANGUAGE_STANDARD = "gnu++20";
				CLANG_ENABLE_MODULES = YES;
				CLANG_ENABLE_OBJC_ARC = YES;
				CLANG_ENABLE_OBJC_WEAK = YES;
				CLANG_WARN_BLOCK_CAPTURE_AUTORELEASING = YES;
				CLANG_WARN_BOOL_CONVERSION = YES;
				CLANG_WARN_COMMA = YES;
				CLANG_WARN_CONSTANT_CONVERSION = YES;
				CLANG_WARN_DEPRECATED_OBJC_IMPLEMENTATIONS = YES;
				CLANG_WARN_DIRECT_OBJC_ISA_USAGE = YES_ERROR;
				CLANG_WARN_DOCUMENTATION_COMMENTS = YES;
				CLANG_WARN_EMPTY_BODY = YES;
				CLANG_WARN_ENUM_CONVERSION = YES;
				CLANG_WARN_INFINITE_RECURSION = YES;
				CLANG_WARN_INT_CONVERSION = YES;
				CLANG_WARN_NON_LITERAL_NULL_CONVERSION = YES;
				CLANG_WARN_OBJC_IMPLICIT_RETAIN_SELF = YES;
				CLANG_WARN_OBJC_LITERAL_CONVERSION = YES;
				CLANG_WARN_OBJC_ROOT_CLASS = YES_ERROR;
				CLANG_WARN_QUOTED_INCLUDE_IN_FRAMEWORK_HEADER = YES;
				CLANG_WARN_RANGE_LOOP_ANALYSIS = YES;
				CLANG_WARN_STRICT_PROTOTYPES = YES;
				CLANG_WARN_SUSPICIOUS_MOVE = YES;
				CLANG_WARN_UNGUARDED_AVAILABILITY = YES_AGGRESSIVE;
				CLANG_WARN_UNREACHABLE_CODE = YES;
				CLANG_WARN__DUPLICATE_METHOD_MATCH = YES;
				COPY_PHASE_STRIP = NO;
				DEBUG_INFORMATION_FORMAT = dwarf;
				ENABLE_STRICT_OBJC_MSGSEND = YES;
				ENABLE_TESTABILITY = YES;
				GCC_C_LANGUAGE_STANDARD = gnu11;
				GCC_DYNAMIC_NO_PIC = NO;
				GCC_NO_COMMON_BLOCKS = YES;
				GCC_OPTIMIZATION_LEVEL = 0;
				GCC_PREPROCESSOR_DEFINITIONS = (
					"DEBUG=1",
					"$(inherited)",
				);
				GCC_WARN_64_TO_32_BIT_CONVERSION = YES;
				GCC_WARN_ABOUT_RETURN_TYPE = YES_ERROR;
				GCC_WARN_UNDECLARED_SELECTOR = YES;
				GCC_WARN_UNINITIALIZED_AUTOS = YES_AGGRESSIVE;
				GCC_WARN_UNUSED_FUNCTION = YES;
				GCC_WARN_UNUSED_VARIABLE = YES;
				IPHONEOS_DEPLOYMENT_TARGET = 16.4;
				MTL_ENABLE_DEBUG_INFO = INCLUDE_SOURCE;
				MTL_FAST_MATH = YES;
				ONLY_ACTIVE_ARCH = YES;
				SDKROOT = iphoneos;
				SWIFT_ACTIVE_COMPILATION_CONDITIONS = DEBUG;
				SWIFT_OPTIMIZATION_LEVEL = "-Onone";
			};
			name = Debug;
		};
		038BBFD32ACB655F00D713FC /* Release */ = {
			isa = XCBuildConfiguration;
			buildSettings = {
				ALWAYS_SEARCH_USER_PATHS = NO;
				CLANG_ANALYZER_NONNULL = YES;
				CLANG_ANALYZER_NUMBER_OBJECT_CONVERSION = YES_AGGRESSIVE;
				CLANG_CXX_LANGUAGE_STANDARD = "gnu++20";
				CLANG_ENABLE_MODULES = YES;
				CLANG_ENABLE_OBJC_ARC = YES;
				CLANG_ENABLE_OBJC_WEAK = YES;
				CLANG_WARN_BLOCK_CAPTURE_AUTORELEASING = YES;
				CLANG_WARN_BOOL_CONVERSION = YES;
				CLANG_WARN_COMMA = YES;
				CLANG_WARN_CONSTANT_CONVERSION = YES;
				CLANG_WARN_DEPRECATED_OBJC_IMPLEMENTATIONS = YES;
				CLANG_WARN_DIRECT_OBJC_ISA_USAGE = YES_ERROR;
				CLANG_WARN_DOCUMENTATION_COMMENTS = YES;
				CLANG_WARN_EMPTY_BODY = YES;
				CLANG_WARN_ENUM_CONVERSION = YES;
				CLANG_WARN_INFINITE_RECURSION = YES;
				CLANG_WARN_INT_CONVERSION = YES;
				CLANG_WARN_NON_LITERAL_NULL_CONVERSION = YES;
				CLANG_WARN_OBJC_IMPLICIT_RETAIN_SELF = YES;
				CLANG_WARN_OBJC_LITERAL_CONVERSION = YES;
				CLANG_WARN_OBJC_ROOT_CLASS = YES_ERROR;
				CLANG_WARN_QUOTED_INCLUDE_IN_FRAMEWORK_HEADER = YES;
				CLANG_WARN_RANGE_LOOP_ANALYSIS = YES;
				CLANG_WARN_STRICT_PROTOTYPES = YES;
				CLANG_WARN_SUSPICIOUS_MOVE = YES;
				CLANG_WARN_UNGUARDED_AVAILABILITY = YES_AGGRESSIVE;
				CLANG_WARN_UNREACHABLE_CODE = YES;
				CLANG_WARN__DUPLICATE_METHOD_MATCH = YES;
				COPY_PHASE_STRIP = NO;
				DEBUG_INFORMATION_FORMAT = "dwarf-with-dsym";
				ENABLE_NS_ASSERTIONS = NO;
				ENABLE_STRICT_OBJC_MSGSEND = YES;
				GCC_C_LANGUAGE_STANDARD = gnu11;
				GCC_NO_COMMON_BLOCKS = YES;
				GCC_WARN_64_TO_32_BIT_CONVERSION = YES;
				GCC_WARN_ABOUT_RETURN_TYPE = YES_ERROR;
				GCC_WARN_UNDECLARED_SELECTOR = YES;
				GCC_WARN_UNINITIALIZED_AUTOS = YES_AGGRESSIVE;
				GCC_WARN_UNUSED_FUNCTION = YES;
				GCC_WARN_UNUSED_VARIABLE = YES;
				IPHONEOS_DEPLOYMENT_TARGET = 16.4;
				MTL_ENABLE_DEBUG_INFO = NO;
				MTL_FAST_MATH = YES;
				SDKROOT = iphoneos;
				SWIFT_COMPILATION_MODE = wholemodule;
				SWIFT_OPTIMIZATION_LEVEL = "-O";
				VALIDATE_PRODUCT = YES;
			};
			name = Release;
		};
		038BBFD52ACB655F00D713FC /* Debug */ = {
			isa = XCBuildConfiguration;
			buildSettings = {
				ASSETCATALOG_COMPILER_APPICON_NAME = AppIcon;
				ASSETCATALOG_COMPILER_GLOBAL_ACCENT_COLOR_NAME = AccentColor;
				CODE_SIGN_STYLE = Automatic;
				CURRENT_PROJECT_VERSION = 1;
				DEVELOPMENT_TEAM = T5RP2CSNDU;
				GENERATE_INFOPLIST_FILE = YES;
				INFOPLIST_FILE = "UIKit-Study/Info.plist";
				INFOPLIST_KEY_UIApplicationSupportsIndirectInputEvents = YES;
				INFOPLIST_KEY_UILaunchStoryboardName = LaunchScreen;
				INFOPLIST_KEY_UIMainStoryboardFile = "";
				INFOPLIST_KEY_UISupportedInterfaceOrientations_iPad = "UIInterfaceOrientationPortrait UIInterfaceOrientationPortraitUpsideDown UIInterfaceOrientationLandscapeLeft UIInterfaceOrientationLandscapeRight";
				INFOPLIST_KEY_UISupportedInterfaceOrientations_iPhone = "UIInterfaceOrientationPortrait UIInterfaceOrientationLandscapeLeft UIInterfaceOrientationLandscapeRight";
				LD_RUNPATH_SEARCH_PATHS = (
					"$(inherited)",
					"@executable_path/Frameworks",
				);
				MARKETING_VERSION = 1.0;
				PRODUCT_BUNDLE_IDENTIFIER = "shimmy.UIKit-Study";
				PRODUCT_NAME = "$(TARGET_NAME)";
				SWIFT_EMIT_LOC_STRINGS = YES;
				SWIFT_VERSION = 5.0;
				TARGETED_DEVICE_FAMILY = "1,2";
			};
			name = Debug;
		};
		038BBFD62ACB655F00D713FC /* Release */ = {
			isa = XCBuildConfiguration;
			buildSettings = {
				ASSETCATALOG_COMPILER_APPICON_NAME = AppIcon;
				ASSETCATALOG_COMPILER_GLOBAL_ACCENT_COLOR_NAME = AccentColor;
				CODE_SIGN_STYLE = Automatic;
				CURRENT_PROJECT_VERSION = 1;
				DEVELOPMENT_TEAM = T5RP2CSNDU;
				GENERATE_INFOPLIST_FILE = YES;
				INFOPLIST_FILE = "UIKit-Study/Info.plist";
				INFOPLIST_KEY_UIApplicationSupportsIndirectInputEvents = YES;
				INFOPLIST_KEY_UILaunchStoryboardName = LaunchScreen;
				INFOPLIST_KEY_UIMainStoryboardFile = "";
				INFOPLIST_KEY_UISupportedInterfaceOrientations_iPad = "UIInterfaceOrientationPortrait UIInterfaceOrientationPortraitUpsideDown UIInterfaceOrientationLandscapeLeft UIInterfaceOrientationLandscapeRight";
				INFOPLIST_KEY_UISupportedInterfaceOrientations_iPhone = "UIInterfaceOrientationPortrait UIInterfaceOrientationLandscapeLeft UIInterfaceOrientationLandscapeRight";
				LD_RUNPATH_SEARCH_PATHS = (
					"$(inherited)",
					"@executable_path/Frameworks",
				);
				MARKETING_VERSION = 1.0;
				PRODUCT_BUNDLE_IDENTIFIER = "shimmy.UIKit-Study";
				PRODUCT_NAME = "$(TARGET_NAME)";
				SWIFT_EMIT_LOC_STRINGS = YES;
				SWIFT_VERSION = 5.0;
				TARGETED_DEVICE_FAMILY = "1,2";
			};
			name = Release;
		};
		038BBFD82ACB655F00D713FC /* Debug */ = {
			isa = XCBuildConfiguration;
			buildSettings = {
				ALWAYS_EMBED_SWIFT_STANDARD_LIBRARIES = YES;
				BUNDLE_LOADER = "$(TEST_HOST)";
				CODE_SIGN_STYLE = Automatic;
				CURRENT_PROJECT_VERSION = 1;
				DEVELOPMENT_TEAM = T5RP2CSNDU;
				GENERATE_INFOPLIST_FILE = YES;
				IPHONEOS_DEPLOYMENT_TARGET = 16.4;
				MARKETING_VERSION = 1.0;
				PRODUCT_BUNDLE_IDENTIFIER = "shimmy.UIKit-StudyTests";
				PRODUCT_NAME = "$(TARGET_NAME)";
				SWIFT_EMIT_LOC_STRINGS = NO;
				SWIFT_VERSION = 5.0;
				TARGETED_DEVICE_FAMILY = "1,2";
				TEST_HOST = "$(BUILT_PRODUCTS_DIR)/UIKit-Study.app/$(BUNDLE_EXECUTABLE_FOLDER_PATH)/UIKit-Study";
			};
			name = Debug;
		};
		038BBFD92ACB655F00D713FC /* Release */ = {
			isa = XCBuildConfiguration;
			buildSettings = {
				ALWAYS_EMBED_SWIFT_STANDARD_LIBRARIES = YES;
				BUNDLE_LOADER = "$(TEST_HOST)";
				CODE_SIGN_STYLE = Automatic;
				CURRENT_PROJECT_VERSION = 1;
				DEVELOPMENT_TEAM = T5RP2CSNDU;
				GENERATE_INFOPLIST_FILE = YES;
				IPHONEOS_DEPLOYMENT_TARGET = 16.4;
				MARKETING_VERSION = 1.0;
				PRODUCT_BUNDLE_IDENTIFIER = "shimmy.UIKit-StudyTests";
				PRODUCT_NAME = "$(TARGET_NAME)";
				SWIFT_EMIT_LOC_STRINGS = NO;
				SWIFT_VERSION = 5.0;
				TARGETED_DEVICE_FAMILY = "1,2";
				TEST_HOST = "$(BUILT_PRODUCTS_DIR)/UIKit-Study.app/$(BUNDLE_EXECUTABLE_FOLDER_PATH)/UIKit-Study";
			};
			name = Release;
		};
		038BBFDB2ACB655F00D713FC /* Debug */ = {
			isa = XCBuildConfiguration;
			buildSettings = {
				ALWAYS_EMBED_SWIFT_STANDARD_LIBRARIES = YES;
				CODE_SIGN_STYLE = Automatic;
				CURRENT_PROJECT_VERSION = 1;
				DEVELOPMENT_TEAM = T5RP2CSNDU;
				GENERATE_INFOPLIST_FILE = YES;
				MARKETING_VERSION = 1.0;
				PRODUCT_BUNDLE_IDENTIFIER = "shimmy.UIKit-StudyUITests";
				PRODUCT_NAME = "$(TARGET_NAME)";
				SWIFT_EMIT_LOC_STRINGS = NO;
				SWIFT_VERSION = 5.0;
				TARGETED_DEVICE_FAMILY = "1,2";
				TEST_TARGET_NAME = "UIKit-Study";
			};
			name = Debug;
		};
		038BBFDC2ACB655F00D713FC /* Release */ = {
			isa = XCBuildConfiguration;
			buildSettings = {
				ALWAYS_EMBED_SWIFT_STANDARD_LIBRARIES = YES;
				CODE_SIGN_STYLE = Automatic;
				CURRENT_PROJECT_VERSION = 1;
				DEVELOPMENT_TEAM = T5RP2CSNDU;
				GENERATE_INFOPLIST_FILE = YES;
				MARKETING_VERSION = 1.0;
				PRODUCT_BUNDLE_IDENTIFIER = "shimmy.UIKit-StudyUITests";
				PRODUCT_NAME = "$(TARGET_NAME)";
				SWIFT_EMIT_LOC_STRINGS = NO;
				SWIFT_VERSION = 5.0;
				TARGETED_DEVICE_FAMILY = "1,2";
				TEST_TARGET_NAME = "UIKit-Study";
			};
			name = Release;
		};
/* End XCBuildConfiguration section */

/* Begin XCConfigurationList section */
		038BBFA52ACB655E00D713FC /* Build configuration list for PBXProject "UIKit-Study" */ = {
			isa = XCConfigurationList;
			buildConfigurations = (
				038BBFD22ACB655F00D713FC /* Debug */,
				038BBFD32ACB655F00D713FC /* Release */,
			);
			defaultConfigurationIsVisible = 0;
			defaultConfigurationName = Release;
		};
		038BBFD42ACB655F00D713FC /* Build configuration list for PBXNativeTarget "UIKit-Study" */ = {
			isa = XCConfigurationList;
			buildConfigurations = (
				038BBFD52ACB655F00D713FC /* Debug */,
				038BBFD62ACB655F00D713FC /* Release */,
			);
			defaultConfigurationIsVisible = 0;
			defaultConfigurationName = Release;
		};
		038BBFD72ACB655F00D713FC /* Build configuration list for PBXNativeTarget "UIKit-StudyTests" */ = {
			isa = XCConfigurationList;
			buildConfigurations = (
				038BBFD82ACB655F00D713FC /* Debug */,
				038BBFD92ACB655F00D713FC /* Release */,
			);
			defaultConfigurationIsVisible = 0;
			defaultConfigurationName = Release;
		};
		038BBFDA2ACB655F00D713FC /* Build configuration list for PBXNativeTarget "UIKit-StudyUITests" */ = {
			isa = XCConfigurationList;
			buildConfigurations = (
				038BBFDB2ACB655F00D713FC /* Debug */,
				038BBFDC2ACB655F00D713FC /* Release */,
			);
			defaultConfigurationIsVisible = 0;
			defaultConfigurationName = Release;
		};
/* End XCConfigurationList section */
	};
	rootObject = 038BBFA22ACB655E00D713FC /* Project object */;
}
